// !$*UTF8*$!
{
	archiveVersion = 1;
	classes = {
	};
	objectVersion = 55;
	objects = {

/* Begin PBXBuildFile section */
		4312F44D27570A2000EB877B /* LoginViewController.swift in Sources */ = {isa = PBXBuildFile; fileRef = 4312F44C27570A2000EB877B /* LoginViewController.swift */; };
		434469C2275B294800283E0F /* CheckViewController.swift in Sources */ = {isa = PBXBuildFile; fileRef = 434469C1275B294800283E0F /* CheckViewController.swift */; };
		434469C4275B34F100283E0F /* GoogleService-Info.plist in Resources */ = {isa = PBXBuildFile; fileRef = 434469C3275B34F100283E0F /* GoogleService-Info.plist */; };
		434469C7275B468300283E0F /* AnswersModel.swift in Sources */ = {isa = PBXBuildFile; fileRef = 434469C6275B468300283E0F /* AnswersModel.swift */; };
		434469C92762DA3500283E0F /* CommentViewController.swift in Sources */ = {isa = PBXBuildFile; fileRef = 434469C82762DA3500283E0F /* CommentViewController.swift */; };
		434469CB27632BDF00283E0F /* CommentModel.swift in Sources */ = {isa = PBXBuildFile; fileRef = 434469CA27632BDF00283E0F /* CommentModel.swift */; };
		437644932750B13800852064 /* AppDelegate.swift in Sources */ = {isa = PBXBuildFile; fileRef = 437644922750B13800852064 /* AppDelegate.swift */; };
		437644952750B13800852064 /* SceneDelegate.swift in Sources */ = {isa = PBXBuildFile; fileRef = 437644942750B13800852064 /* SceneDelegate.swift */; };
		437644972750B13800852064 /* ViewController.swift in Sources */ = {isa = PBXBuildFile; fileRef = 437644962750B13800852064 /* ViewController.swift */; };
		4376449A2750B13800852064 /* Main.storyboard in Resources */ = {isa = PBXBuildFile; fileRef = 437644982750B13800852064 /* Main.storyboard */; };
		4376449C2750B13A00852064 /* Assets.xcassets in Resources */ = {isa = PBXBuildFile; fileRef = 4376449B2750B13A00852064 /* Assets.xcassets */; };
		4376449F2750B13A00852064 /* LaunchScreen.storyboard in Resources */ = {isa = PBXBuildFile; fileRef = 4376449D2750B13A00852064 /* LaunchScreen.storyboard */; };
		EBFBBF0BD6B6D9C82C9BD45E /* Pods_FireStore.framework in Frameworks */ = {isa = PBXBuildFile; fileRef = 1D519E737AF281233E5DE4CB /* Pods_FireStore.framework */; };
/* End PBXBuildFile section */

/* Begin PBXFileReference section */
		1D519E737AF281233E5DE4CB /* Pods_FireStore.framework */ = {isa = PBXFileReference; explicitFileType = wrapper.framework; includeInIndex = 0; path = Pods_FireStore.framework; sourceTree = BUILT_PRODUCTS_DIR; };
		4312F44C27570A2000EB877B /* LoginViewController.swift */ = {isa = PBXFileReference; lastKnownFileType = sourcecode.swift; path = LoginViewController.swift; sourceTree = "<group>"; };
		434469C1275B294800283E0F /* CheckViewController.swift */ = {isa = PBXFileReference; lastKnownFileType = sourcecode.swift; path = CheckViewController.swift; sourceTree = "<group>"; };
		434469C3275B34F100283E0F /* GoogleService-Info.plist */ = {isa = PBXFileReference; fileEncoding = 4; lastKnownFileType = text.plist.xml; path = "GoogleService-Info.plist"; sourceTree = "<group>"; };
		434469C6275B468300283E0F /* AnswersModel.swift */ = {isa = PBXFileReference; lastKnownFileType = sourcecode.swift; path = AnswersModel.swift; sourceTree = "<group>"; };
		434469C82762DA3500283E0F /* CommentViewController.swift */ = {isa = PBXFileReference; lastKnownFileType = sourcecode.swift; path = CommentViewController.swift; sourceTree = "<group>"; };
		434469CA27632BDF00283E0F /* CommentModel.swift */ = {isa = PBXFileReference; lastKnownFileType = sourcecode.swift; path = CommentModel.swift; sourceTree = "<group>"; };
		4376448F2750B13800852064 /* FireStore.app */ = {isa = PBXFileReference; explicitFileType = wrapper.application; includeInIndex = 0; path = FireStore.app; sourceTree = BUILT_PRODUCTS_DIR; };
		437644922750B13800852064 /* AppDelegate.swift */ = {isa = PBXFileReference; lastKnownFileType = sourcecode.swift; path = AppDelegate.swift; sourceTree = "<group>"; };
		437644942750B13800852064 /* SceneDelegate.swift */ = {isa = PBXFileReference; lastKnownFileType = sourcecode.swift; path = SceneDelegate.swift; sourceTree = "<group>"; };
		437644962750B13800852064 /* ViewController.swift */ = {isa = PBXFileReference; lastKnownFileType = sourcecode.swift; path = ViewController.swift; sourceTree = "<group>"; };
		437644992750B13800852064 /* Base */ = {isa = PBXFileReference; lastKnownFileType = file.storyboard; name = Base; path = Base.lproj/Main.storyboard; sourceTree = "<group>"; };
		4376449B2750B13A00852064 /* Assets.xcassets */ = {isa = PBXFileReference; lastKnownFileType = folder.assetcatalog; path = Assets.xcassets; sourceTree = "<group>"; };
		4376449E2750B13A00852064 /* Base */ = {isa = PBXFileReference; lastKnownFileType = file.storyboard; name = Base; path = Base.lproj/LaunchScreen.storyboard; sourceTree = "<group>"; };
		437644A02750B13A00852064 /* Info.plist */ = {isa = PBXFileReference; lastKnownFileType = text.plist.xml; path = Info.plist; sourceTree = "<group>"; };
		69EA8B797E6CC3CCB2C114A5 /* Pods-FireStore.debug.xcconfig */ = {isa = PBXFileReference; includeInIndex = 1; lastKnownFileType = text.xcconfig; name = "Pods-FireStore.debug.xcconfig"; path = "Target Support Files/Pods-FireStore/Pods-FireStore.debug.xcconfig"; sourceTree = "<group>"; };
		9D2212B34A301575081BF63A /* Pods-FireStore.release.xcconfig */ = {isa = PBXFileReference; includeInIndex = 1; lastKnownFileType = text.xcconfig; name = "Pods-FireStore.release.xcconfig"; path = "Target Support Files/Pods-FireStore/Pods-FireStore.release.xcconfig"; sourceTree = "<group>"; };
/* End PBXFileReference section */

/* Begin PBXFrameworksBuildPhase section */
		4376448C2750B13800852064 /* Frameworks */ = {
			isa = PBXFrameworksBuildPhase;
			buildActionMask = 2147483647;
			files = (
				EBFBBF0BD6B6D9C82C9BD45E /* Pods_FireStore.framework in Frameworks */,
			);
			runOnlyForDeploymentPostprocessing = 0;
		};
/* End PBXFrameworksBuildPhase section */

/* Begin PBXGroup section */
		4312F44B27570A0900EB877B /* Controller */ = {
			isa = PBXGroup;
			children = (
				437644962750B13800852064 /* ViewController.swift */,
				4312F44C27570A2000EB877B /* LoginViewController.swift */,
				434469C1275B294800283E0F /* CheckViewController.swift */,
				434469C82762DA3500283E0F /* CommentViewController.swift */,
			);
			path = Controller;
			sourceTree = "<group>";
		};
		434469C5275B466300283E0F /* Model */ = {
			isa = PBXGroup;
			children = (
				434469C6275B468300283E0F /* AnswersModel.swift */,
				434469CA27632BDF00283E0F /* CommentModel.swift */,
			);
			path = Model;
			sourceTree = "<group>";
		};
		437644862750B13800852064 = {
			isa = PBXGroup;
			children = (
				437644912750B13800852064 /* FireStore */,
				437644902750B13800852064 /* Products */,
				DD0397D3D08FD6D05F35F560 /* Pods */,
				67E59A9B244ED2F29EA14129 /* Frameworks */,
			);
			sourceTree = "<group>";
		};
		437644902750B13800852064 /* Products */ = {
			isa = PBXGroup;
			children = (
				4376448F2750B13800852064 /* FireStore.app */,
			);
			name = Products;
			sourceTree = "<group>";
		};
		437644912750B13800852064 /* FireStore */ = {
			isa = PBXGroup;
			children = (
				437644922750B13800852064 /* AppDelegate.swift */,
				437644942750B13800852064 /* SceneDelegate.swift */,
				434469C5275B466300283E0F /* Model */,
				4312F44B27570A0900EB877B /* Controller */,
				437644982750B13800852064 /* Main.storyboard */,
				4376449B2750B13A00852064 /* Assets.xcassets */,
				4376449D2750B13A00852064 /* LaunchScreen.storyboard */,
				437644A02750B13A00852064 /* Info.plist */,
				434469C3275B34F100283E0F /* GoogleService-Info.plist */,
			);
			path = FireStore;
			sourceTree = "<group>";
		};
		67E59A9B244ED2F29EA14129 /* Frameworks */ = {
			isa = PBXGroup;
			children = (
				1D519E737AF281233E5DE4CB /* Pods_FireStore.framework */,
			);
			name = Frameworks;
			sourceTree = "<group>";
		};
		DD0397D3D08FD6D05F35F560 /* Pods */ = {
			isa = PBXGroup;
			children = (
				69EA8B797E6CC3CCB2C114A5 /* Pods-FireStore.debug.xcconfig */,
				9D2212B34A301575081BF63A /* Pods-FireStore.release.xcconfig */,
			);
			path = Pods;
			sourceTree = "<group>";
		};
/* End PBXGroup section */

/* Begin PBXNativeTarget section */
		4376448E2750B13800852064 /* FireStore */ = {
			isa = PBXNativeTarget;
			buildConfigurationList = 437644A32750B13A00852064 /* Build configuration list for PBXNativeTarget "FireStore" */;
			buildPhases = (
				F8881EB4C5986CC382066548 /* [CP] Check Pods Manifest.lock */,
				4376448B2750B13800852064 /* Sources */,
				4376448C2750B13800852064 /* Frameworks */,
				4376448D2750B13800852064 /* Resources */,
				6EA94CC017E90B7237A4FCEA /* [CP] Embed Pods Frameworks */,
			);
			buildRules = (
			);
			dependencies = (
			);
			name = FireStore;
			productName = FireStore;
			productReference = 4376448F2750B13800852064 /* FireStore.app */;
			productType = "com.apple.product-type.application";
		};
/* End PBXNativeTarget section */

/* Begin PBXProject section */
		437644872750B13800852064 /* Project object */ = {
			isa = PBXProject;
			attributes = {
				BuildIndependentTargetsInParallel = 1;
				LastSwiftUpdateCheck = 1310;
				LastUpgradeCheck = 1310;
				TargetAttributes = {
					4376448E2750B13800852064 = {
						CreatedOnToolsVersion = 13.1;
					};
				};
			};
			buildConfigurationList = 4376448A2750B13800852064 /* Build configuration list for PBXProject "FireStore" */;
			compatibilityVersion = "Xcode 13.0";
			developmentRegion = en;
			hasScannedForEncodings = 0;
			knownRegions = (
				en,
				Base,
			);
			mainGroup = 437644862750B13800852064;
			productRefGroup = 437644902750B13800852064 /* Products */;
			projectDirPath = "";
			projectRoot = "";
			targets = (
				4376448E2750B13800852064 /* FireStore */,
			);
		};
/* End PBXProject section */

/* Begin PBXResourcesBuildPhase section */
		4376448D2750B13800852064 /* Resources */ = {
			isa = PBXResourcesBuildPhase;
			buildActionMask = 2147483647;
			files = (
				4376449F2750B13A00852064 /* LaunchScreen.storyboard in Resources */,
				4376449C2750B13A00852064 /* Assets.xcassets in Resources */,
				434469C4275B34F100283E0F /* GoogleService-Info.plist in Resources */,
				4376449A2750B13800852064 /* Main.storyboard in Resources */,
			);
			runOnlyForDeploymentPostprocessing = 0;
		};
/* End PBXResourcesBuildPhase section */

/* Begin PBXShellScriptBuildPhase section */
		6EA94CC017E90B7237A4FCEA /* [CP] Embed Pods Frameworks */ = {
			isa = PBXShellScriptBuildPhase;
			buildActionMask = 2147483647;
			files = (
			);
			inputFileListPaths = (
				"${PODS_ROOT}/Target Support Files/Pods-FireStore/Pods-FireStore-frameworks-${CONFIGURATION}-input-files.xcfilelist",
			);
			name = "[CP] Embed Pods Frameworks";
			outputFileListPaths = (
				"${PODS_ROOT}/Target Support Files/Pods-FireStore/Pods-FireStore-frameworks-${CONFIGURATION}-output-files.xcfilelist",
			);
			runOnlyForDeploymentPostprocessing = 0;
			shellPath = /bin/sh;
			shellScript = "\"${PODS_ROOT}/Target Support Files/Pods-FireStore/Pods-FireStore-frameworks.sh\"\n";
			showEnvVarsInLog = 0;
		};
		F8881EB4C5986CC382066548 /* [CP] Check Pods Manifest.lock */ = {
			isa = PBXShellScriptBuildPhase;
			buildActionMask = 2147483647;
			files = (
			);
			inputFileListPaths = (
			);
			inputPaths = (
				"${PODS_PODFILE_DIR_PATH}/Podfile.lock",
				"${PODS_ROOT}/Manifest.lock",
			);
			name = "[CP] Check Pods Manifest.lock";
			outputFileListPaths = (
			);
			outputPaths = (
				"$(DERIVED_FILE_DIR)/Pods-FireStore-checkManifestLockResult.txt",
			);
			runOnlyForDeploymentPostprocessing = 0;
			shellPath = /bin/sh;
			shellScript = "diff \"${PODS_PODFILE_DIR_PATH}/Podfile.lock\" \"${PODS_ROOT}/Manifest.lock\" > /dev/null\nif [ $? != 0 ] ; then\n    # print error to STDERR\n    echo \"error: The sandbox is not in sync with the Podfile.lock. Run 'pod install' or update your CocoaPods installation.\" >&2\n    exit 1\nfi\n# This output is used by Xcode 'outputs' to avoid re-running this script phase.\necho \"SUCCESS\" > \"${SCRIPT_OUTPUT_FILE_0}\"\n";
			showEnvVarsInLog = 0;
		};
/* End PBXShellScriptBuildPhase section */

/* Begin PBXSourcesBuildPhase section */
		4376448B2750B13800852064 /* Sources */ = {
			isa = PBXSourcesBuildPhase;
			buildActionMask = 2147483647;
			files = (
				434469C92762DA3500283E0F /* CommentViewController.swift in Sources */,
				434469CB27632BDF00283E0F /* CommentModel.swift in Sources */,
				4312F44D27570A2000EB877B /* LoginViewController.swift in Sources */,
				434469C7275B468300283E0F /* AnswersModel.swift in Sources */,
				437644972750B13800852064 /* ViewController.swift in Sources */,
				437644932750B13800852064 /* AppDelegate.swift in Sources */,
				434469C2275B294800283E0F /* CheckViewController.swift in Sources */,
				437644952750B13800852064 /* SceneDelegate.swift in Sources */,
			);
			runOnlyForDeploymentPostprocessing = 0;
		};
/* End PBXSourcesBuildPhase section */

/* Begin PBXVariantGroup section */
		437644982750B13800852064 /* Main.storyboard */ = {
			isa = PBXVariantGroup;
			children = (
				437644992750B13800852064 /* Base */,
			);
			name = Main.storyboard;
			sourceTree = "<group>";
		};
		4376449D2750B13A00852064 /* LaunchScreen.storyboard */ = {
			isa = PBXVariantGroup;
			children = (
				4376449E2750B13A00852064 /* Base */,
			);
			name = LaunchScreen.storyboard;
			sourceTree = "<group>";
		};
/* End PBXVariantGroup section */

/* Begin XCBuildConfiguration section */
		437644A12750B13A00852064 /* Debug */ = {
			isa = XCBuildConfiguration;
			buildSettings = {
				ALWAYS_SEARCH_USER_PATHS = NO;
				CLANG_ANALYZER_NONNULL = YES;
				CLANG_ANALYZER_NUMBER_OBJECT_CONVERSION = YES_AGGRESSIVE;
				CLANG_CXX_LANGUAGE_STANDARD = "gnu++17";
				CLANG_CXX_LIBRARY = "libc++";
				CLANG_ENABLE_MODULES = YES;
				CLANG_ENABLE_OBJC_ARC = YES;
				CLANG_ENABLE_OBJC_WEAK = YES;
				CLANG_WARN_BLOCK_CAPTURE_AUTORELEASING = YES;
				CLANG_WARN_BOOL_CONVERSION = YES;
				CLANG_WARN_COMMA = YES;
				CLANG_WARN_CONSTANT_CONVERSION = YES;
				CLANG_WARN_DEPRECATED_OBJC_IMPLEMENTATIONS = YES;
				CLANG_WARN_DIRECT_OBJC_ISA_USAGE = YES_ERROR;
				CLANG_WARN_DOCUMENTATION_COMMENTS = YES;
				CLANG_WARN_EMPTY_BODY = YES;
				CLANG_WARN_ENUM_CONVERSION = YES;
				CLANG_WARN_INFINITE_RECURSION = YES;
				CLANG_WARN_INT_CONVERSION = YES;
				CLANG_WARN_NON_LITERAL_NULL_CONVERSION = YES;
				CLANG_WARN_OBJC_IMPLICIT_RETAIN_SELF = YES;
				CLANG_WARN_OBJC_LITERAL_CONVERSION = YES;
				CLANG_WARN_OBJC_ROOT_CLASS = YES_ERROR;
				CLANG_WARN_QUOTED_INCLUDE_IN_FRAMEWORK_HEADER = YES;
				CLANG_WARN_RANGE_LOOP_ANALYSIS = YES;
				CLANG_WARN_STRICT_PROTOTYPES = YES;
				CLANG_WARN_SUSPICIOUS_MOVE = YES;
				CLANG_WARN_UNGUARDED_AVAILABILITY = YES_AGGRESSIVE;
				CLANG_WARN_UNREACHABLE_CODE = YES;
				CLANG_WARN__DUPLICATE_METHOD_MATCH = YES;
				COPY_PHASE_STRIP = NO;
				DEBUG_INFORMATION_FORMAT = dwarf;
				ENABLE_STRICT_OBJC_MSGSEND = YES;
				ENABLE_TESTABILITY = YES;
				GCC_C_LANGUAGE_STANDARD = gnu11;
				GCC_DYNAMIC_NO_PIC = NO;
				GCC_NO_COMMON_BLOCKS = YES;
				GCC_OPTIMIZATION_LEVEL = 0;
				GCC_PREPROCESSOR_DEFINITIONS = (
					"DEBUG=1",
					"$(inherited)",
				);
				GCC_WARN_64_TO_32_BIT_CONVERSION = YES;
				GCC_WARN_ABOUT_RETURN_TYPE = YES_ERROR;
				GCC_WARN_UNDECLARED_SELECTOR = YES;
				GCC_WARN_UNINITIALIZED_AUTOS = YES_AGGRESSIVE;
				GCC_WARN_UNUSED_FUNCTION = YES;
				GCC_WARN_UNUSED_VARIABLE = YES;
				IPHONEOS_DEPLOYMENT_TARGET = 15.0;
				MTL_ENABLE_DEBUG_INFO = INCLUDE_SOURCE;
				MTL_FAST_MATH = YES;
				ONLY_ACTIVE_ARCH = YES;
				SDKROOT = iphoneos;
				SWIFT_ACTIVE_COMPILATION_CONDITIONS = DEBUG;
				SWIFT_OPTIMIZATION_LEVEL = "-Onone";
			};
			name = Debug;
		};
		437644A22750B13A00852064 /* Release */ = {
			isa = XCBuildConfiguration;
			buildSettings = {
				ALWAYS_SEARCH_USER_PATHS = NO;
				CLANG_ANALYZER_NONNULL = YES;
				CLANG_ANALYZER_NUMBER_OBJECT_CONVERSION = YES_AGGRESSIVE;
				CLANG_CXX_LANGUAGE_STANDARD = "gnu++17";
				CLANG_CXX_LIBRARY = "libc++";
				CLANG_ENABLE_MODULES = YES;
				CLANG_ENABLE_OBJC_ARC = YES;
				CLANG_ENABLE_OBJC_WEAK = YES;
				CLANG_WARN_BLOCK_CAPTURE_AUTORELEASING = YES;
				CLANG_WARN_BOOL_CONVERSION = YES;
				CLANG_WARN_COMMA = YES;
				CLANG_WARN_CONSTANT_CONVERSION = YES;
				CLANG_WARN_DEPRECATED_OBJC_IMPLEMENTATIONS = YES;
				CLANG_WARN_DIRECT_OBJC_ISA_USAGE = YES_ERROR;
				CLANG_WARN_DOCUMENTATION_COMMENTS = YES;
				CLANG_WARN_EMPTY_BODY = YES;
				CLANG_WARN_ENUM_CONVERSION = YES;
				CLANG_WARN_INFINITE_RECURSION = YES;
				CLANG_WARN_INT_CONVERSION = YES;
				CLANG_WARN_NON_LITERAL_NULL_CONVERSION = YES;
				CLANG_WARN_OBJC_IMPLICIT_RETAIN_SELF = YES;
				CLANG_WARN_OBJC_LITERAL_CONVERSION = YES;
				CLANG_WARN_OBJC_ROOT_CLASS = YES_ERROR;
				CLANG_WARN_QUOTED_INCLUDE_IN_FRAMEWORK_HEADER = YES;
				CLANG_WARN_RANGE_LOOP_ANALYSIS = YES;
				CLANG_WARN_STRICT_PROTOTYPES = YES;
				CLANG_WARN_SUSPICIOUS_MOVE = YES;
				CLANG_WARN_UNGUARDED_AVAILABILITY = YES_AGGRESSIVE;
				CLANG_WARN_UNREACHABLE_CODE = YES;
				CLANG_WARN__DUPLICATE_METHOD_MATCH = YES;
				COPY_PHASE_STRIP = NO;
				DEBUG_INFORMATION_FORMAT = "dwarf-with-dsym";
				ENABLE_NS_ASSERTIONS = NO;
				ENABLE_STRICT_OBJC_MSGSEND = YES;
				GCC_C_LANGUAGE_STANDARD = gnu11;
				GCC_NO_COMMON_BLOCKS = YES;
				GCC_WARN_64_TO_32_BIT_CONVERSION = YES;
				GCC_WARN_ABOUT_RETURN_TYPE = YES_ERROR;
				GCC_WARN_UNDECLARED_SELECTOR = YES;
				GCC_WARN_UNINITIALIZED_AUTOS = YES_AGGRESSIVE;
				GCC_WARN_UNUSED_FUNCTION = YES;
				GCC_WARN_UNUSED_VARIABLE = YES;
				IPHONEOS_DEPLOYMENT_TARGET = 15.0;
				MTL_ENABLE_DEBUG_INFO = NO;
				MTL_FAST_MATH = YES;
				SDKROOT = iphoneos;
				SWIFT_COMPILATION_MODE = wholemodule;
				SWIFT_OPTIMIZATION_LEVEL = "-O";
				VALIDATE_PRODUCT = YES;
			};
			name = Release;
		};
		437644A42750B13A00852064 /* Debug */ = {
			isa = XCBuildConfiguration;
			baseConfigurationReference = 69EA8B797E6CC3CCB2C114A5 /* Pods-FireStore.debug.xcconfig */;
			buildSettings = {
				ASSETCATALOG_COMPILER_APPICON_NAME = AppIcon;
				ASSETCATALOG_COMPILER_GLOBAL_ACCENT_COLOR_NAME = AccentColor;
				CODE_SIGN_STYLE = Automatic;
				CURRENT_PROJECT_VERSION = 1;
				DEVELOPMENT_TEAM = NQDJ8Y62H2;
				GENERATE_INFOPLIST_FILE = YES;
				INFOPLIST_FILE = FireStore/Info.plist;
				INFOPLIST_KEY_UIApplicationSupportsIndirectInputEvents = YES;
				INFOPLIST_KEY_UILaunchStoryboardName = LaunchScreen;
				INFOPLIST_KEY_UIMainStoryboardFile = Main;
				INFOPLIST_KEY_UISupportedInterfaceOrientations_iPad = "UIInterfaceOrientationPortrait UIInterfaceOrientationPortraitUpsideDown UIInterfaceOrientationLandscapeLeft UIInterfaceOrientationLandscapeRight";
				INFOPLIST_KEY_UISupportedInterfaceOrientations_iPhone = "UIInterfaceOrientationPortrait UIInterfaceOrientationLandscapeLeft UIInterfaceOrientationLandscapeRight";
				LD_RUNPATH_SEARCH_PATHS = (
					"$(inherited)",
					"@executable_path/Frameworks",
				);
				MARKETING_VERSION = 1.0;
				PRODUCT_BUNDLE_IDENTIFIER = com.satoyu.FireStore;
				PRODUCT_NAME = "$(TARGET_NAME)";
				SWIFT_EMIT_LOC_STRINGS = YES;
				SWIFT_VERSION = 5.0;
				TARGETED_DEVICE_FAMILY = "1,2";
			};
			name = Debug;
		};
		437644A52750B13A00852064 /* Release */ = {
			isa = XCBuildConfiguration;
			baseConfigurationReference = 9D2212B34A301575081BF63A /* Pods-FireStore.release.xcconfig */;
			buildSettings = {
				ASSETCATALOG_COMPILER_APPICON_NAME = AppIcon;
				ASSETCATALOG_COMPILER_GLOBAL_ACCENT_COLOR_NAME = AccentColor;
				CODE_SIGN_STYLE = Automatic;
				CURRENT_PROJECT_VERSION = 1;
				DEVELOPMENT_TEAM = NQDJ8Y62H2;
				GENERATE_INFOPLIST_FILE = YES;
				INFOPLIST_FILE = FireStore/Info.plist;
				INFOPLIST_KEY_UIApplicationSupportsIndirectInputEvents = YES;
				INFOPLIST_KEY_UILaunchStoryboardName = LaunchScreen;
				INFOPLIST_KEY_UIMainStoryboardFile = Main;
				INFOPLIST_KEY_UISupportedInterfaceOrientations_iPad = "UIInterfaceOrientationPortrait UIInterfaceOrientationPortraitUpsideDown UIInterfaceOrientationLandscapeLeft UIInterfaceOrientationLandscapeRight";
				INFOPLIST_KEY_UISupportedInterfaceOrientations_iPhone = "UIInterfaceOrientationPortrait UIInterfaceOrientationLandscapeLeft UIInterfaceOrientationLandscapeRight";
				LD_RUNPATH_SEARCH_PATHS = (
					"$(inherited)",
					"@executable_path/Frameworks",
				);
				MARKETING_VERSION = 1.0;
				PRODUCT_BUNDLE_IDENTIFIER = com.satoyu.FireStore;
				PRODUCT_NAME = "$(TARGET_NAME)";
				SWIFT_EMIT_LOC_STRINGS = YES;
				SWIFT_VERSION = 5.0;
				TARGETED_DEVICE_FAMILY = "1,2";
			};
			name = Release;
		};
/* End XCBuildConfiguration section */

/* Begin XCConfigurationList section */
		4376448A2750B13800852064 /* Build configuration list for PBXProject "FireStore" */ = {
			isa = XCConfigurationList;
			buildConfigurations = (
				437644A12750B13A00852064 /* Debug */,
				437644A22750B13A00852064 /* Release */,
			);
			defaultConfigurationIsVisible = 0;
			defaultConfigurationName = Release;
		};
		437644A32750B13A00852064 /* Build configuration list for PBXNativeTarget "FireStore" */ = {
			isa = XCConfigurationList;
			buildConfigurations = (
				437644A42750B13A00852064 /* Debug */,
				437644A52750B13A00852064 /* Release */,
			);
			defaultConfigurationIsVisible = 0;
			defaultConfigurationName = Release;
		};
/* End XCConfigurationList section */
	};
	rootObject = 437644872750B13800852064 /* Project object */;
}
